
Microsoft Visual Studio Solution File, Format Version 12.00
# Visual Studio Version 17
VisualStudioVersion = 17.7.34031.279
MinimumVisualStudioVersion = 10.0.40219.1
Project("{FAE04EC0-301F-11D3-BF4B-00C04F79EFBC}") = "Week13SQLDB", "Week13SQLDB\Week13SQLDB.csproj", "{7A027E63-FAB4-4D91-B5AE-3E676FB27272}"
EndProject
Global
	GlobalSection(SolutionConfigurationPlatforms) = preSolution
		Debug|Any CPU = Debug|Any CPU
		Release|Any CPU = Release|Any CPU
	EndGlobalSection
	GlobalSection(ProjectConfigurationPlatforms) = postSolution
		{7A027E63-FAB4-4D91-B5AE-3E676FB27272}.Debug|Any CPU.ActiveCfg = Debug|Any CPU
		{7A027E63-FAB4-4D91-B5AE-3E676FB27272}.Debug|Any CPU.Build.0 = Debug|Any CPU
		{7A027E63-FAB4-4D91-B5AE-3E676FB27272}.Release|Any CPU.ActiveCfg = Release|Any CPU
		{7A027E63-FAB4-4D91-B5AE-3E676FB27272}.Release|Any CPU.Build.0 = Release|Any CPU
	EndGlobalSection
	GlobalSection(SolutionProperties) = preSolution
		HideSolutionNode = FALSE
	EndGlobalSection
	GlobalSection(ExtensibilityGlobals) = postSolution
		SolutionGuid = {FA64D0C4-F953-487D-8533-A810C3FD6644}
	EndGlobalSection
EndGlobal
